
Microsoft Visual Studio Solution File, Format Version 12.00
# Visual Studio 15
VisualStudioVersion = 15.0.27130.2010
MinimumVisualStudioVersion = 10.0.40219.1
Project("{FAE04EC0-301F-11D3-BF4B-00C04F79EFBC}") = "ConsoleApp1", "ConsoleApp1\ConsoleApp1.csproj", "{C4C5D2C5-12D5-414A-91C8-66BD1109DBD6}"
EndProject
Global
	GlobalSection(SolutionConfigurationPlatforms) = preSolution
		Debug|Any CPU = Debug|Any CPU
		Release|Any CPU = Release|Any CPU
	EndGlobalSection
	GlobalSection(ProjectConfigurationPlatforms) = postSolution
		{C4C5D2C5-12D5-414A-91C8-66BD1109DBD6}.Debug|Any CPU.ActiveCfg = Debug|Any CPU
		{C4C5D2C5-12D5-414A-91C8-66BD1109DBD6}.Debug|Any CPU.Build.0 = Debug|Any CPU
		{C4C5D2C5-12D5-414A-91C8-66BD1109DBD6}.Release|Any CPU.ActiveCfg = Release|Any CPU
		{C4C5D2C5-12D5-414A-91C8-66BD1109DBD6}.Release|Any CPU.Build.0 = Release|Any CPU
	EndGlobalSection
	GlobalSection(SolutionProperties) = preSolution
		HideSolutionNode = FALSE
	EndGlobalSection
	GlobalSection(ExtensibilityGlobals) = postSolution
		SolutionGuid = {A890FD0D-CF6E-401A-837A-93715B9D3D2E}
	EndGlobalSection
EndGlobal
